
Microsoft Visual Studio Solution File, Format Version 12.00
# Visual Studio Version 17
VisualStudioVersion = 17.0.31903.59
MinimumVisualStudioVersion = 10.0.40219.1
Project("{FAE04EC0-301F-11D3-BF4B-00C04F79EFBC}") = "KafkaProducer", "KafkaProducer\KafkaProducer.csproj", "{71174A80-ED56-464C-851B-3AAD12A272DB}"
EndProject
Project("{FAE04EC0-301F-11D3-BF4B-00C04F79EFBC}") = "KafkaConsumer", "KafkaConsumer\KafkaConsumer.csproj", "{63F2332E-5324-498E-BAE4-F05A5059FBF4}"
EndProject
Global
	GlobalSection(SolutionConfigurationPlatforms) = preSolution
		Debug|Any CPU = Debug|Any CPU
		Release|Any CPU = Release|Any CPU
	EndGlobalSection
	GlobalSection(SolutionProperties) = preSolution
		HideSolutionNode = FALSE
	EndGlobalSection
	GlobalSection(ProjectConfigurationPlatforms) = postSolution
		{71174A80-ED56-464C-851B-3AAD12A272DB}.Debug|Any CPU.ActiveCfg = Debug|Any CPU
		{71174A80-ED56-464C-851B-3AAD12A272DB}.Debug|Any CPU.Build.0 = Debug|Any CPU
		{71174A80-ED56-464C-851B-3AAD12A272DB}.Release|Any CPU.ActiveCfg = Release|Any CPU
		{71174A80-ED56-464C-851B-3AAD12A272DB}.Release|Any CPU.Build.0 = Release|Any CPU
		{63F2332E-5324-498E-BAE4-F05A5059FBF4}.Debug|Any CPU.ActiveCfg = Debug|Any CPU
		{63F2332E-5324-498E-BAE4-F05A5059FBF4}.Debug|Any CPU.Build.0 = Debug|Any CPU
		{63F2332E-5324-498E-BAE4-F05A5059FBF4}.Release|Any CPU.ActiveCfg = Release|Any CPU
		{63F2332E-5324-498E-BAE4-F05A5059FBF4}.Release|Any CPU.Build.0 = Release|Any CPU
	EndGlobalSection
EndGlobal
